
Microsoft Visual Studio Solution File, Format Version 12.00
# Visual Studio Version 16
VisualStudioVersion = 16.0.29911.84
MinimumVisualStudioVersion = 10.0.40219.1
Project("{FAE04EC0-301F-11D3-BF4B-00C04F79EFBC}") = "SachDienTu", "SachDienTu\SachDienTu.csproj", "{5D25B309-891E-4576-A8D0-1D56220F89A9}"
EndProject
Global
	GlobalSection(SolutionConfigurationPlatforms) = preSolution
		Debug|Any CPU = Debug|Any CPU
		Release|Any CPU = Release|Any CPU
	EndGlobalSection
	GlobalSection(ProjectConfigurationPlatforms) = postSolution
		{5D25B309-891E-4576-A8D0-1D56220F89A9}.Debug|Any CPU.ActiveCfg = Debug|Any CPU
		{5D25B309-891E-4576-A8D0-1D56220F89A9}.Debug|Any CPU.Build.0 = Debug|Any CPU
		{5D25B309-891E-4576-A8D0-1D56220F89A9}.Release|Any CPU.ActiveCfg = Release|Any CPU
		{5D25B309-891E-4576-A8D0-1D56220F89A9}.Release|Any CPU.Build.0 = Release|Any CPU
	EndGlobalSection
	GlobalSection(SolutionProperties) = preSolution
		HideSolutionNode = FALSE
	EndGlobalSection
	GlobalSection(ExtensibilityGlobals) = postSolution
		SolutionGuid = {4B711FE8-92CC-4C48-A2AE-2705EC9706DA}
	EndGlobalSection
EndGlobal
